<?xml version="1.0" encoding="utf-8"?>
<Project ToolsVersion="4.0" xmlns="http://schemas.microsoft.com/developer/msbuild/2003">
  <ItemGroup>
    <ClCompile Include="WindowTest.cpp">
      <Filter>App\WindowTest</Filter>
    </ClCompile>
    <ClCompile Include="Game1.cpp">
      <Filter>App\Game1</Filter>
    </ClCompile>
    <ClCompile Include="Player.cpp">
      <Filter>App\Game1</Filter>
    </ClCompile>
    <ClCompile Include="Framework\Debug.cpp">
      <Filter>Framework</Filter>
    </ClCompile>
    <ClCompile Include="Framework\Game.cpp">
      <Filter>Framework</Filter>
    </ClCompile>
    <ClCompile Include="Framework\GameWindow.cpp">
      <Filter>Framework\D11</Filter>
    </ClCompile>
    <ClCompile Include="Framework\Logger.cpp">
      <Filter>Utility</Filter>
    </ClCompile>
    <ClCompile Include="Framework\Program.cpp">
      <Filter>Framework</Filter>
    </ClCompile>
    <ClCompile Include="Framework\Resource.cpp">
      <Filter>Utility</Filter>
    </ClCompile>
    <ClCompile Include="Framework\Utility.cpp">
      <Filter>Utility</Filter>
    </ClCompile>
    <ClCompile Include="Framework\Graphics\D3DBuffer.cpp">
      <Filter>Framework\D11\Direct3D</Filter>
    </ClCompile>
    <ClCompile Include="Framework\Graphics\D3DCore.cpp">
      <Filter>Framework\D11\Direct3D</Filter>
    </ClCompile>
    <ClCompile Include="Framework\Graphics\D3DInputLayout.cpp">
      <Filter>Framework\D11\Direct3D</Filter>
    </ClCompile>
    <ClCompile Include="Framework\Graphics\D3DRasterizer.cpp">
      <Filter>Framework\D11\Direct3D</Filter>
    </ClCompile>
    <ClCompile Include="Framework\Graphics\D3DSampler.cpp">
      <Filter>Framework\D11\Direct3D</Filter>
    </ClCompile>
    <ClCompile Include="Framework\Graphics\D3DShader.cpp">
      <Filter>Framework\D11\Direct3D</Filter>
    </ClCompile>
    <ClCompile Include="Framework\Graphics\D3DStencilState.cpp">
      <Filter>Framework\D11\Direct3D</Filter>
    </ClCompile>
    <ClCompile Include="Framework\Graphics\D3DTexture.cpp">
      <Filter>Framework\D11\Direct3D</Filter>
    </ClCompile>
    <ClCompile Include="Framework\Graphics\Model.cpp">
      <Filter>Shaders\Model</Filter>
    </ClCompile>
    <ClCompile Include="Framework\Graphics\ModelLoader.cpp">
      <Filter>Shaders\Model</Filter>
    </ClCompile>
    <ClCompile Include="Framework\Input\DIKeyboardListener.cpp">
      <Filter>Framework\D11\XInput</Filter>
    </ClCompile>
    <ClCompile Include="Framework\Input\DIMouseListener.cpp" />
  </ItemGroup>
  <ItemGroup>
    <ClInclude Include="resource1.h" />
    <ClInclude Include="WindowTest.h">
      <Filter>App\WindowTest</Filter>
    </ClInclude>
    <ClInclude Include="Game1.h">
      <Filter>App\Game1</Filter>
    </ClInclude>
    <ClInclude Include="Player.h">
      <Filter>App\Game1</Filter>
    </ClInclude>
    <ClInclude Include="Framework\BlockArray.h">
      <Filter>Utility</Filter>
    </ClInclude>
    <ClInclude Include="Framework\Debug.h">
      <Filter>Framework</Filter>
    </ClInclude>
    <ClInclude Include="Framework\DirectXUtil.h">
      <Filter>Framework\D11</Filter>
    </ClInclude>
    <ClInclude Include="Framework\Game.h">
      <Filter>Framework</Filter>
    </ClInclude>
    <ClInclude Include="Framework\GameWindow.h">
      <Filter>Framework\D11</Filter>
    </ClInclude>
    <ClInclude Include="Framework\Logger.h">
      <Filter>Utility</Filter>
    </ClInclude>
    <ClInclude Include="Framework\Pool.h">
      <Filter>Utility</Filter>
    </ClInclude>
    <ClInclude Include="Framework\Program.h">
      <Filter>Framework</Filter>
    </ClInclude>
    <ClInclude Include="Framework\Resource.h">
      <Filter>Utility</Filter>
    </ClInclude>
    <ClInclude Include="Framework\ResourceItem.h">
      <Filter>Utility</Filter>
    </ClInclude>
    <ClInclude Include="Framework\Task.h">
      <Filter>Utility</Filter>
    </ClInclude>
    <ClInclude Include="Framework\Utility.h">
      <Filter>Utility</Filter>
    </ClInclude>
    <ClInclude Include="Framework\WinAPI.h">
      <Filter>Framework</Filter>
    </ClInclude>
    <ClInclude Include="Framework\Graphics\D3DBuffer.h">
      <Filter>Framework\D11\Direct3D</Filter>
    </ClInclude>
    <ClInclude Include="Framework\Graphics\D3DCore.h">
      <Filter>Framework\D11\Direct3D</Filter>
    </ClInclude>
    <ClInclude Include="Framework\Graphics\D3DEnum.h">
      <Filter>Framework\D11\Direct3D</Filter>
    </ClInclude>
    <ClInclude Include="Framework\Graphics\D3DHeaders.h">
      <Filter>Framework\D11\Direct3D</Filter>
    </ClInclude>
    <ClInclude Include="Framework\Graphics\D3DInputLayout.h">
      <Filter>Framework\D11\Direct3D</Filter>
    </ClInclude>
    <ClInclude Include="Framework\Graphics\D3DLibs.h">
      <Filter>Framework\D11\Direct3D</Filter>
    </ClInclude>
    <ClInclude Include="Framework\Graphics\D3DRasterizer.h">
      <Filter>Framework\D11\Direct3D</Filter>
    </ClInclude>
    <ClInclude Include="Framework\Graphics\D3DSampler.h">
      <Filter>Framework\D11\Direct3D</Filter>
    </ClInclude>
    <ClInclude Include="Framework\Graphics\D3DShader.h">
      <Filter>Framework\D11\Direct3D</Filter>
    </ClInclude>
    <ClInclude Include="Framework\Graphics\D3DStencilState.h">
      <Filter>Framework\D11\Direct3D</Filter>
    </ClInclude>
    <ClInclude Include="Framework\Graphics\D3DTexture.h">
      <Filter>Framework\D11\Direct3D</Filter>
    </ClInclude>
    <ClInclude Include="Framework\Input\DIKeyboardListener.h">
      <Filter>Framework\D11\XInput</Filter>
    </ClInclude>
    <ClInclude Include="Framework\Graphics\Model.h">
      <Filter>Shaders\Model</Filter>
    </ClInclude>
    <ClInclude Include="Framework\Input\DIMouseListener.h" />
  </ItemGroup>
  <ItemGroup>
    <Filter Include="Framework">
      <UniqueIdentifier>{fc5384fd-6802-46c2-bf10-f7d5b6a585ba}</UniqueIdentifier>
    </Filter>
    <Filter Include="Utility">
      <UniqueIdentifier>{69eec3c7-d7f1-4921-a1d2-c6b2ffd88360}</UniqueIdentifier>
    </Filter>
    <Filter Include="App">
      <UniqueIdentifier>{ebce71eb-d8c5-44a8-b77e-4aad8f886e69}</UniqueIdentifier>
    </Filter>
    <Filter Include="Framework\D11">
      <UniqueIdentifier>{70d10365-f797-40cf-a6a5-f8496d7eefc4}</UniqueIdentifier>
    </Filter>
    <Filter Include="Framework\D11\Direct3D">
      <UniqueIdentifier>{5cdee213-2112-49eb-ba71-861e082454c3}</UniqueIdentifier>
    </Filter>
    <Filter Include="Shaders">
      <UniqueIdentifier>{249cddfe-2e58-4dd4-88ab-d4b0eafe49f6}</UniqueIdentifier>
    </Filter>
    <Filter Include="Shaders\Model">
      <UniqueIdentifier>{66d9f34c-bce8-4154-8f64-2bb69a66cc79}</UniqueIdentifier>
    </Filter>
    <Filter Include="Shaders\Effector">
      <UniqueIdentifier>{7c5df23f-80f2-43ca-a56e-85f31cd151b0}</UniqueIdentifier>
    </Filter>
    <Filter Include="Framework\D11\XInput">
      <UniqueIdentifier>{e87c3751-e629-4447-9d23-e37405948e87}</UniqueIdentifier>
    </Filter>
    <Filter Include="App\WindowTest">
      <UniqueIdentifier>{5eb4e367-c10d-443c-a293-ce804669c592}</UniqueIdentifier>
    </Filter>
    <Filter Include="App\Game1">
      <UniqueIdentifier>{64c06b93-4f86-419f-9f24-03dd3ac6c852}</UniqueIdentifier>
    </Filter>
  </ItemGroup>
  <ItemGroup>
    <FxCompile Include="Framework\HLSL\Model\GS_CreateEdge.hlsl">
      <Filter>Shaders\Model</Filter>
    </FxCompile>
    <FxCompile Include="Framework\HLSL\Model\VS_Transform.hlsl">
      <Filter>Shaders\Model</Filter>
    </FxCompile>
    <FxCompile Include="Framework\HLSL\PostEffect\GS_ID2Quad.hlsl">
      <Filter>Shaders\Effector</Filter>
    </FxCompile>
    <FxCompile Include="Framework\HLSL\PostEffect\PS_TextureOnly.hlsl">
      <Filter>Shaders\Effector</Filter>
    </FxCompile>
    <FxCompile Include="Framework\HLSL\PostEffect\VS_ThroughID.hlsl">
      <Filter>Shaders\Effector</Filter>
    </FxCompile>
    <FxCompile Include="Framework\HLSL\Model\PS_OutputColor.hlsl">
      <Filter>Shaders\Model</Filter>
    </FxCompile>
  </ItemGroup>
  <ItemGroup>
    <ResourceCompile Include="tgp.rc" />
  </ItemGroup>
  <ItemGroup>
    <Image Include="icon1.ico" />
  </ItemGroup>
  <ItemGroup>
    <None Include="Framework\HLSL\Model\PL_Model.hlsli">
      <Filter>Shaders\Model</Filter>
    </None>
    <None Include="Framework\HLSL\PostEffect\PL_Effector.hlsli">
      <Filter>Shaders\Effector</Filter>
    </None>
    <None Include="Framework\HLSL\Model\IF_PixelColor.hlsli">
      <Filter>Shaders\Model</Filter>
    </None>
    <None Include="Framework\HLSL\Model\CLS_EmitColor.hlsli">
      <Filter>Shaders\Model</Filter>
    </None>
    <None Include="Framework\HLSL\Model\CLS_NormalColor.hlsli">
      <Filter>Shaders\Model</Filter>
    </None>
    <None Include="Framework\HLSL\Model\CLS_LightedColor.hlsli">
      <Filter>Shaders\Model</Filter>
    </None>
    <None Include="Framework\HLSL\Functions.hlsli">
      <Filter>Shaders</Filter>
    </None>
  </ItemGroup>
  <ItemGroup>
    <Text Include="Application\testmodel.txt" />
  </ItemGroup>
</Project>