<?xml version="1.0" encoding="utf-8"?>
<Project ToolsVersion="4.0" xmlns="http://schemas.microsoft.com/developer/msbuild/2003">
  <ItemGroup>
    <ClCompile Include="Game1.cpp">
      <Filter>App\Game1</Filter>
    </ClCompile>
    <ClCompile Include="Framework\Debug.cpp">
      <Filter>Framework</Filter>
    </ClCompile>
    <ClCompile Include="Framework\Game.cpp">
      <Filter>Framework</Filter>
    </ClCompile>
    <ClCompile Include="Framework\GameWindow.cpp">
      <Filter>Framework\D11</Filter>
    </ClCompile>
    <ClCompile Include="Framework\Logger.cpp">
      <Filter>Framework\Utility</Filter>
    </ClCompile>
    <ClCompile Include="Framework\Program.cpp">
      <Filter>Framework</Filter>
    </ClCompile>
    <ClCompile Include="Framework\Resource.cpp">
      <Filter>Framework\Utility</Filter>
    </ClCompile>
    <ClCompile Include="Framework\Utility.cpp">
      <Filter>Framework\Utility</Filter>
    </ClCompile>
    <ClCompile Include="Framework\Graphics\D3DBuffer.cpp">
      <Filter>Framework\D11\Direct3D</Filter>
    </ClCompile>
    <ClCompile Include="Framework\Graphics\D3DCore.cpp">
      <Filter>Framework\D11\Direct3D</Filter>
    </ClCompile>
    <ClCompile Include="Framework\Graphics\D3DInputLayout.cpp">
      <Filter>Framework\D11\Direct3D</Filter>
    </ClCompile>
    <ClCompile Include="Framework\Graphics\D3DRasterizer.cpp">
      <Filter>Framework\D11\Direct3D</Filter>
    </ClCompile>
    <ClCompile Include="Framework\Graphics\D3DSampler.cpp">
      <Filter>Framework\D11\Direct3D</Filter>
    </ClCompile>
    <ClCompile Include="Framework\Graphics\D3DShader.cpp">
      <Filter>Framework\D11\Direct3D</Filter>
    </ClCompile>
    <ClCompile Include="Framework\Graphics\D3DStencilState.cpp">
      <Filter>Framework\D11\Direct3D</Filter>
    </ClCompile>
    <ClCompile Include="Framework\Graphics\D3DTexture.cpp">
      <Filter>Framework\D11\Direct3D</Filter>
    </ClCompile>
    <ClCompile Include="Framework\Graphics\Model.cpp">
      <Filter>Framework\D11\Direct3D\Shaders\Model</Filter>
    </ClCompile>
    <ClCompile Include="Framework\Graphics\ModelLoader.cpp">
      <Filter>Framework\D11\Direct3D\Shaders\Model</Filter>
    </ClCompile>
    <ClCompile Include="Framework\Input\DIKeyboardListener.cpp">
      <Filter>Framework\D11\Input</Filter>
    </ClCompile>
    <ClCompile Include="Framework\Input\DIDispatcher.cpp">
      <Filter>Framework\D11\Input</Filter>
    </ClCompile>
    <ClCompile Include="Framework\Input\DIMouseListener.cpp">
      <Filter>Framework\D11\Input</Filter>
    </ClCompile>
    <ClCompile Include="Framework\Graphics\ImageLoader.cpp">
      <Filter>Framework\D11</Filter>
    </ClCompile>
    <ClCompile Include="Framework\Input\DIJoypad.cpp">
      <Filter>Framework\D11\Input</Filter>
    </ClCompile>
    <ClCompile Include="Framework\Graphics\Sprite.cpp">
      <Filter>Framework\D11\Direct3D\Shaders\Sprite</Filter>
    </ClCompile>
    <ClCompile Include="Framework\Graphics\Effector.cpp">
      <Filter>Framework\D11\Direct3D\Shaders\Sprite</Filter>
    </ClCompile>
    <ClCompile Include="Framework\Graphics\SpriteString.cpp">
      <Filter>Framework\D11\Direct3D\Shaders\Sprite</Filter>
    </ClCompile>
    <ClCompile Include="Framework\Scene.cpp">
      <Filter>Framework\Utility</Filter>
    </ClCompile>
    <ClCompile Include="GameObject.cpp">
      <Filter>App\Game1</Filter>
    </ClCompile>
    <ClCompile Include="Framework\Graphics\GaussianEffector.cpp">
      <Filter>Framework\D11\Direct3D\Shaders\Sprite</Filter>
    </ClCompile>
    <ClCompile Include="Framework\Audio\WavLoader.cpp">
      <Filter>Framework\D11\Audio</Filter>
    </ClCompile>
    <ClCompile Include="Framework\Audio\SoundData.cpp">
      <Filter>Framework\D11\Audio</Filter>
    </ClCompile>
    <ClCompile Include="Framework\Audio\DAVoice.cpp">
      <Filter>Framework\D11\Audio</Filter>
    </ClCompile>
    <ClCompile Include="Framework\Audio\DACore.cpp">
      <Filter>Framework\D11\Audio</Filter>
    </ClCompile>
    <ClCompile Include="Framework\Graphics\D3DBloomEffect.cpp">
      <Filter>Framework\D11\Direct3D</Filter>
    </ClCompile>
    <ClCompile Include="Framework\Graphics\BrightPassEffector.cpp">
      <Filter>Framework\D11\Direct3D\Shaders\Sprite</Filter>
    </ClCompile>
    <ClCompile Include="Framework\Graphics\MatrixTranslator.cpp">
      <Filter>Framework\D11\Direct3D\Shaders\Sprite</Filter>
    </ClCompile>
    <ClCompile Include="Framework\Graphics\Translator.cpp">
      <Filter>Framework\D11\Direct3D\Shaders\Sprite</Filter>
    </ClCompile>
  </ItemGroup>
  <ItemGroup>
    <ClInclude Include="resource1.h" />
    <ClInclude Include="Game1.h">
      <Filter>App\Game1</Filter>
    </ClInclude>
    <ClInclude Include="Framework\BlockArray.h">
      <Filter>Framework\Utility</Filter>
    </ClInclude>
    <ClInclude Include="Framework\Debug.h">
      <Filter>Framework</Filter>
    </ClInclude>
    <ClInclude Include="Framework\DirectXUtil.h">
      <Filter>Framework\D11</Filter>
    </ClInclude>
    <ClInclude Include="Framework\Game.h">
      <Filter>Framework</Filter>
    </ClInclude>
    <ClInclude Include="Framework\GameWindow.h">
      <Filter>Framework\D11</Filter>
    </ClInclude>
    <ClInclude Include="Framework\Logger.h">
      <Filter>Framework\Utility</Filter>
    </ClInclude>
    <ClInclude Include="Framework\Pool.h">
      <Filter>Framework\Utility</Filter>
    </ClInclude>
    <ClInclude Include="Framework\Program.h">
      <Filter>Framework</Filter>
    </ClInclude>
    <ClInclude Include="Framework\Resource.h">
      <Filter>Framework\Utility</Filter>
    </ClInclude>
    <ClInclude Include="Framework\ResourceItem.h">
      <Filter>Framework\Utility</Filter>
    </ClInclude>
    <ClInclude Include="Framework\Task.h">
      <Filter>Framework\Utility</Filter>
    </ClInclude>
    <ClInclude Include="Framework\Utility.h">
      <Filter>Framework\Utility</Filter>
    </ClInclude>
    <ClInclude Include="Framework\WinAPI.h">
      <Filter>Framework</Filter>
    </ClInclude>
    <ClInclude Include="Framework\Graphics\D3DBuffer.h">
      <Filter>Framework\D11\Direct3D</Filter>
    </ClInclude>
    <ClInclude Include="Framework\Graphics\D3DCore.h">
      <Filter>Framework\D11\Direct3D</Filter>
    </ClInclude>
    <ClInclude Include="Framework\Graphics\D3DEnum.h">
      <Filter>Framework\D11\Direct3D</Filter>
    </ClInclude>
    <ClInclude Include="Framework\Graphics\D3DHeaders.h">
      <Filter>Framework\D11\Direct3D</Filter>
    </ClInclude>
    <ClInclude Include="Framework\Graphics\D3DInputLayout.h">
      <Filter>Framework\D11\Direct3D</Filter>
    </ClInclude>
    <ClInclude Include="Framework\Graphics\D3DLibs.h">
      <Filter>Framework\D11\Direct3D</Filter>
    </ClInclude>
    <ClInclude Include="Framework\Graphics\D3DRasterizer.h">
      <Filter>Framework\D11\Direct3D</Filter>
    </ClInclude>
    <ClInclude Include="Framework\Graphics\D3DSampler.h">
      <Filter>Framework\D11\Direct3D</Filter>
    </ClInclude>
    <ClInclude Include="Framework\Graphics\D3DShader.h">
      <Filter>Framework\D11\Direct3D</Filter>
    </ClInclude>
    <ClInclude Include="Framework\Graphics\D3DStencilState.h">
      <Filter>Framework\D11\Direct3D</Filter>
    </ClInclude>
    <ClInclude Include="Framework\Graphics\D3DTexture.h">
      <Filter>Framework\D11\Direct3D</Filter>
    </ClInclude>
    <ClInclude Include="Framework\Input\DIKeyboardListener.h">
      <Filter>Framework\D11\Input</Filter>
    </ClInclude>
    <ClInclude Include="Framework\Graphics\Model.h">
      <Filter>Framework\D11\Direct3D\Shaders\Model</Filter>
    </ClInclude>
    <ClInclude Include="Framework\Input\DIDispatcher.h">
      <Filter>Framework\D11\Input</Filter>
    </ClInclude>
    <ClInclude Include="Framework\Input\DIMouseListener.h">
      <Filter>Framework\D11\Input</Filter>
    </ClInclude>
    <ClInclude Include="Framework\Input\DICommon.h">
      <Filter>Framework\D11\Input</Filter>
    </ClInclude>
    <ClInclude Include="Framework\Graphics\ImageLoader.h">
      <Filter>Framework\D11</Filter>
    </ClInclude>
    <ClInclude Include="Framework\Input\DILibs.h">
      <Filter>Framework\D11\Input</Filter>
    </ClInclude>
    <ClInclude Include="Framework\Input\DIHeader.h">
      <Filter>Framework\D11\Input</Filter>
    </ClInclude>
    <ClInclude Include="Framework\Input\DIJoypad.h">
      <Filter>Framework\D11\Input</Filter>
    </ClInclude>
    <ClInclude Include="Framework\Graphics\Sprite.h">
      <Filter>Framework\D11\Direct3D\Shaders\Sprite</Filter>
    </ClInclude>
    <ClInclude Include="Framework\Graphics\Effector.h">
      <Filter>Framework\D11\Direct3D\Shaders\Sprite</Filter>
    </ClInclude>
    <ClInclude Include="Framework\Graphics\SpriteString.h">
      <Filter>Framework\D11\Direct3D\Shaders\Sprite</Filter>
    </ClInclude>
    <ClInclude Include="Framework\Scene.h">
      <Filter>Framework\Utility</Filter>
    </ClInclude>
    <ClInclude Include="GameObject.h">
      <Filter>App\Game1</Filter>
    </ClInclude>
    <ClInclude Include="CSRNG.h" />
    <ClInclude Include="Framework\Graphics\GaussianEffector.h">
      <Filter>Framework\D11\Direct3D\Shaders\Sprite</Filter>
    </ClInclude>
    <ClInclude Include="Framework\Graphics\D3DConstantBuffer.h">
      <Filter>Framework\D11\Direct3D</Filter>
    </ClInclude>
    <ClInclude Include="Framework\Graphics\D3DIndexBuffer.h">
      <Filter>Framework\D11\Direct3D</Filter>
    </ClInclude>
    <ClInclude Include="Framework\Graphics\D3DShaderResourceBuffer.h">
      <Filter>Framework\D11\Direct3D</Filter>
    </ClInclude>
    <ClInclude Include="Framework\Graphics\D3DVertexBuffer.h">
      <Filter>Framework\D11\Direct3D</Filter>
    </ClInclude>
    <ClInclude Include="Framework\Audio\WavLoader.h">
      <Filter>Framework\D11\Audio</Filter>
    </ClInclude>
    <ClInclude Include="Framework\Audio\SoundData.h">
      <Filter>Framework\D11\Audio</Filter>
    </ClInclude>
    <ClInclude Include="Framework\Audio\DAVoice.h">
      <Filter>Framework\D11\Audio</Filter>
    </ClInclude>
    <ClInclude Include="Framework\Audio\DACore.h">
      <Filter>Framework\D11\Audio</Filter>
    </ClInclude>
    <ClInclude Include="Framework\Graphics\D3DBloomEffect.h">
      <Filter>Framework\D11\Direct3D</Filter>
    </ClInclude>
    <ClInclude Include="Framework\Graphics\BrightPassEffector.h">
      <Filter>Framework\D11\Direct3D\Shaders\Sprite</Filter>
    </ClInclude>
    <ClInclude Include="Framework\Graphics\MatrixTranslator.h">
      <Filter>Framework\D11\Direct3D\Shaders\Sprite</Filter>
    </ClInclude>
    <ClInclude Include="Framework\Graphics\Translator.h">
      <Filter>Framework\D11\Direct3D\Shaders\Sprite</Filter>
    </ClInclude>
    <ClInclude Include="Framework\Audio\DAUtility.h">
      <Filter>Framework\D11\Audio</Filter>
    </ClInclude>
    <ClInclude Include="Framework\Audio\DAVoiceCallback.h">
      <Filter>Framework\D11\Audio</Filter>
    </ClInclude>
    <ClInclude Include="Framework\Lambs.hpp">
      <Filter>Framework\Utility</Filter>
    </ClInclude>
  </ItemGroup>
  <ItemGroup>
    <Filter Include="Framework">
      <UniqueIdentifier>{fc5384fd-6802-46c2-bf10-f7d5b6a585ba}</UniqueIdentifier>
    </Filter>
    <Filter Include="App">
      <UniqueIdentifier>{ebce71eb-d8c5-44a8-b77e-4aad8f886e69}</UniqueIdentifier>
    </Filter>
    <Filter Include="Framework\D11">
      <UniqueIdentifier>{70d10365-f797-40cf-a6a5-f8496d7eefc4}</UniqueIdentifier>
    </Filter>
    <Filter Include="Framework\D11\Direct3D">
      <UniqueIdentifier>{5cdee213-2112-49eb-ba71-861e082454c3}</UniqueIdentifier>
    </Filter>
    <Filter Include="App\Game1">
      <UniqueIdentifier>{64c06b93-4f86-419f-9f24-03dd3ac6c852}</UniqueIdentifier>
    </Filter>
    <Filter Include="Framework\D11\Input">
      <UniqueIdentifier>{e87c3751-e629-4447-9d23-e37405948e87}</UniqueIdentifier>
    </Filter>
    <Filter Include="Framework\Utility">
      <UniqueIdentifier>{69eec3c7-d7f1-4921-a1d2-c6b2ffd88360}</UniqueIdentifier>
    </Filter>
    <Filter Include="Framework\D11\Direct3D\Shaders">
      <UniqueIdentifier>{249cddfe-2e58-4dd4-88ab-d4b0eafe49f6}</UniqueIdentifier>
    </Filter>
    <Filter Include="Framework\D11\Direct3D\Shaders\Model">
      <UniqueIdentifier>{66d9f34c-bce8-4154-8f64-2bb69a66cc79}</UniqueIdentifier>
    </Filter>
    <Filter Include="Framework\D11\Direct3D\Shaders\Sprite">
      <UniqueIdentifier>{7c5df23f-80f2-43ca-a56e-85f31cd151b0}</UniqueIdentifier>
    </Filter>
    <Filter Include="Content">
      <UniqueIdentifier>{05b1ec15-96d6-4d92-a242-1ab842ae3708}</UniqueIdentifier>
    </Filter>
    <Filter Include="Framework\D11\Audio">
      <UniqueIdentifier>{2287ff3f-df0f-4bbf-9cbe-8e632bc40400}</UniqueIdentifier>
    </Filter>
    <Filter Include="Framework\D11\Direct3D\Shaders\Sprite\HLSL">
      <UniqueIdentifier>{7a65a8be-8006-4df8-b5a2-b654a72be28f}</UniqueIdentifier>
    </Filter>
    <Filter Include="Framework\D11\Direct3D\Shaders\Model\HLSL">
      <UniqueIdentifier>{347fa6e7-75c3-4671-9161-0b257e02d170}</UniqueIdentifier>
    </Filter>
  </ItemGroup>
  <ItemGroup>
    <FxCompile Include="Framework\HLSL\Sprite\PS_BrightPass.hlsl">
      <Filter>Framework\D11\Direct3D\Shaders\Sprite\HLSL</Filter>
    </FxCompile>
    <FxCompile Include="Framework\HLSL\Sprite\PS_Font.hlsl">
      <Filter>Framework\D11\Direct3D\Shaders\Sprite\HLSL</Filter>
    </FxCompile>
    <FxCompile Include="Framework\HLSL\Sprite\PS_GaussianH.hlsl">
      <Filter>Framework\D11\Direct3D\Shaders\Sprite\HLSL</Filter>
    </FxCompile>
    <FxCompile Include="Framework\HLSL\Sprite\PS_GaussianV.hlsl">
      <Filter>Framework\D11\Direct3D\Shaders\Sprite\HLSL</Filter>
    </FxCompile>
    <FxCompile Include="Framework\HLSL\Sprite\PS_TextureOnly.hlsl">
      <Filter>Framework\D11\Direct3D\Shaders\Sprite\HLSL</Filter>
    </FxCompile>
    <FxCompile Include="Framework\HLSL\Sprite\VS_2DTransform.hlsl">
      <Filter>Framework\D11\Direct3D\Shaders\Sprite\HLSL</Filter>
    </FxCompile>
    <FxCompile Include="Framework\HLSL\Sprite\VS_3DTransform.hlsl">
      <Filter>Framework\D11\Direct3D\Shaders\Sprite\HLSL</Filter>
    </FxCompile>
    <FxCompile Include="Framework\HLSL\Model\GS_FlatShading.hlsl">
      <Filter>Framework\D11\Direct3D\Shaders\Model\HLSL</Filter>
    </FxCompile>
    <FxCompile Include="Framework\HLSL\Model\GS_WideLine.hlsl">
      <Filter>Framework\D11\Direct3D\Shaders\Model\HLSL</Filter>
    </FxCompile>
    <FxCompile Include="Framework\HLSL\Model\PS_LightedColor.hlsl">
      <Filter>Framework\D11\Direct3D\Shaders\Model\HLSL</Filter>
    </FxCompile>
    <FxCompile Include="Framework\HLSL\Model\PS_UnlightedColor.hlsl">
      <Filter>Framework\D11\Direct3D\Shaders\Model\HLSL</Filter>
    </FxCompile>
    <FxCompile Include="Framework\HLSL\Model\VS_Transform.hlsl">
      <Filter>Framework\D11\Direct3D\Shaders\Model\HLSL</Filter>
    </FxCompile>
    <FxCompile Include="Framework\HLSL\Model\VS_TransformSingle.hlsl">
      <Filter>Framework\D11\Direct3D\Shaders\Model\HLSL</Filter>
    </FxCompile>
  </ItemGroup>
  <ItemGroup>
    <ResourceCompile Include="tgp.rc" />
  </ItemGroup>
  <ItemGroup>
    <Image Include="icon1.ico" />
    <Image Include="Content\Image\font.png">
      <Filter>Content</Filter>
    </Image>
    <Image Include="Content\Image\test.png">
      <Filter>Content</Filter>
    </Image>
    <Image Include="Content\Image\font_large.png">
      <Filter>Content</Filter>
    </Image>
  </ItemGroup>
  <ItemGroup>
    <None Include="Readme.md" />
    <None Include="Framework\HLSL\Sprite\GaussianEffect.hlsli">
      <Filter>Framework\D11\Direct3D\Shaders\Sprite\HLSL</Filter>
    </None>
    <None Include="Framework\HLSL\Sprite\PL_Effector.hlsli">
      <Filter>Framework\D11\Direct3D\Shaders\Sprite\HLSL</Filter>
    </None>
    <None Include="Framework\HLSL\Sprite\PL_Sprite.hlsli">
      <Filter>Framework\D11\Direct3D\Shaders\Sprite\HLSL</Filter>
    </None>
    <None Include="Framework\HLSL\Model\Functions.hlsli">
      <Filter>Framework\D11\Direct3D\Shaders\Model\HLSL</Filter>
    </None>
    <None Include="Framework\HLSL\Model\PL_Model.hlsli">
      <Filter>Framework\D11\Direct3D\Shaders\Model\HLSL</Filter>
    </None>
  </ItemGroup>
  <ItemGroup>
    <Text Include="Content\Model\testmodel.txt">
      <Filter>Content</Filter>
    </Text>
    <Text Include="Content\Model\r03.txt">
      <Filter>Content</Filter>
    </Text>
    <Text Include="Content\Model\r01.txt">
      <Filter>Content</Filter>
    </Text>
    <Text Include="Content\Model\r02.txt">
      <Filter>Content</Filter>
    </Text>
    <Text Include="Content\Model\r04.txt">
      <Filter>Content</Filter>
    </Text>
    <Text Include="Content\Model\r05.txt">
      <Filter>Content</Filter>
    </Text>
    <Text Include="Content\Model\s01.txt">
      <Filter>Content</Filter>
    </Text>
  </ItemGroup>
</Project>